
Microsoft Visual Studio Solution File, Format Version 12.00
# Visual Studio Version 17
VisualStudioVersion = 17.3.32825.248
MinimumVisualStudioVersion = 10.0.40219.1
Project("{FAE04EC0-301F-11D3-BF4B-00C04F79EFBC}") = "DataAccess", "DataAccess\DataAccess.csproj", "{F24216F4-1F4C-4BB6-9433-5087F5EDDC9C}"
EndProject
Project("{FAE04EC0-301F-11D3-BF4B-00C04F79EFBC}") = "Business", "Business\Business.csproj", "{AE28DA9A-BDEA-47E7-9595-4BCFCBE0F9B6}"
EndProject
Project("{FAE04EC0-301F-11D3-BF4B-00C04F79EFBC}") = "Entities", "Entities\Entities.csproj", "{7CDD855F-CFED-4438-B6BE-E32BBE72386A}"
EndProject
Project("{FAE04EC0-301F-11D3-BF4B-00C04F79EFBC}") = "ConsoleUI", "ConsoleUI\ConsoleUI.csproj", "{14DB4841-F2D3-4AEF-AD75-730115C15C06}"
EndProject
Global
	GlobalSection(SolutionConfigurationPlatforms) = preSolution
		Debug|Any CPU = Debug|Any CPU
		Release|Any CPU = Release|Any CPU
	EndGlobalSection
	GlobalSection(ProjectConfigurationPlatforms) = postSolution
		{F24216F4-1F4C-4BB6-9433-5087F5EDDC9C}.Debug|Any CPU.ActiveCfg = Debug|Any CPU
		{F24216F4-1F4C-4BB6-9433-5087F5EDDC9C}.Debug|Any CPU.Build.0 = Debug|Any CPU
		{F24216F4-1F4C-4BB6-9433-5087F5EDDC9C}.Release|Any CPU.ActiveCfg = Release|Any CPU
		{F24216F4-1F4C-4BB6-9433-5087F5EDDC9C}.Release|Any CPU.Build.0 = Release|Any CPU
		{AE28DA9A-BDEA-47E7-9595-4BCFCBE0F9B6}.Debug|Any CPU.ActiveCfg = Debug|Any CPU
		{AE28DA9A-BDEA-47E7-9595-4BCFCBE0F9B6}.Debug|Any CPU.Build.0 = Debug|Any CPU
		{AE28DA9A-BDEA-47E7-9595-4BCFCBE0F9B6}.Release|Any CPU.ActiveCfg = Release|Any CPU
		{AE28DA9A-BDEA-47E7-9595-4BCFCBE0F9B6}.Release|Any CPU.Build.0 = Release|Any CPU
		{7CDD855F-CFED-4438-B6BE-E32BBE72386A}.Debug|Any CPU.ActiveCfg = Debug|Any CPU
		{7CDD855F-CFED-4438-B6BE-E32BBE72386A}.Debug|Any CPU.Build.0 = Debug|Any CPU
		{7CDD855F-CFED-4438-B6BE-E32BBE72386A}.Release|Any CPU.ActiveCfg = Release|Any CPU
		{7CDD855F-CFED-4438-B6BE-E32BBE72386A}.Release|Any CPU.Build.0 = Release|Any CPU
		{14DB4841-F2D3-4AEF-AD75-730115C15C06}.Debug|Any CPU.ActiveCfg = Debug|Any CPU
		{14DB4841-F2D3-4AEF-AD75-730115C15C06}.Debug|Any CPU.Build.0 = Debug|Any CPU
		{14DB4841-F2D3-4AEF-AD75-730115C15C06}.Release|Any CPU.ActiveCfg = Release|Any CPU
		{14DB4841-F2D3-4AEF-AD75-730115C15C06}.Release|Any CPU.Build.0 = Release|Any CPU
	EndGlobalSection
	GlobalSection(SolutionProperties) = preSolution
		HideSolutionNode = FALSE
	EndGlobalSection
	GlobalSection(ExtensibilityGlobals) = postSolution
		SolutionGuid = {52A31C5F-426A-4C20-AA56-E9C57B208D95}
	EndGlobalSection
EndGlobal
